
Microsoft Visual Studio Solution File, Format Version 12.00
# Visual Studio Version 17
VisualStudioVersion = 17.0.31903.59
MinimumVisualStudioVersion = 10.0.40219.1
Project("{FAE04EC0-301F-11D3-BF4B-00C04F79EFBC}") = "API", "API\API.csproj", "{B4CAC047-961C-43C5-830C-C2A7CC389122}"
EndProject
Project("{FAE04EC0-301F-11D3-BF4B-00C04F79EFBC}") = "Core", "Core\Core.csproj", "{0CEF0EE2-62BE-47E5-B7ED-FCC0B8D823D9}"
EndProject
Project("{FAE04EC0-301F-11D3-BF4B-00C04F79EFBC}") = "Infrastructure", "Infrastructure\Infrastructure.csproj", "{2982D193-04E9-4759-8E7B-149BAA608217}"
EndProject
Global
	GlobalSection(SolutionConfigurationPlatforms) = preSolution
		Debug|Any CPU = Debug|Any CPU
		Release|Any CPU = Release|Any CPU
	EndGlobalSection
	GlobalSection(SolutionProperties) = preSolution
		HideSolutionNode = FALSE
	EndGlobalSection
	GlobalSection(ProjectConfigurationPlatforms) = postSolution
		{B4CAC047-961C-43C5-830C-C2A7CC389122}.Debug|Any CPU.ActiveCfg = Debug|Any CPU
		{B4CAC047-961C-43C5-830C-C2A7CC389122}.Debug|Any CPU.Build.0 = Debug|Any CPU
		{B4CAC047-961C-43C5-830C-C2A7CC389122}.Release|Any CPU.ActiveCfg = Release|Any CPU
		{B4CAC047-961C-43C5-830C-C2A7CC389122}.Release|Any CPU.Build.0 = Release|Any CPU
		{0CEF0EE2-62BE-47E5-B7ED-FCC0B8D823D9}.Debug|Any CPU.ActiveCfg = Debug|Any CPU
		{0CEF0EE2-62BE-47E5-B7ED-FCC0B8D823D9}.Debug|Any CPU.Build.0 = Debug|Any CPU
		{0CEF0EE2-62BE-47E5-B7ED-FCC0B8D823D9}.Release|Any CPU.ActiveCfg = Release|Any CPU
		{0CEF0EE2-62BE-47E5-B7ED-FCC0B8D823D9}.Release|Any CPU.Build.0 = Release|Any CPU
		{2982D193-04E9-4759-8E7B-149BAA608217}.Debug|Any CPU.ActiveCfg = Debug|Any CPU
		{2982D193-04E9-4759-8E7B-149BAA608217}.Debug|Any CPU.Build.0 = Debug|Any CPU
		{2982D193-04E9-4759-8E7B-149BAA608217}.Release|Any CPU.ActiveCfg = Release|Any CPU
		{2982D193-04E9-4759-8E7B-149BAA608217}.Release|Any CPU.Build.0 = Release|Any CPU
	EndGlobalSection
EndGlobal
